
Microsoft Visual Studio Solution File, Format Version 10.00
# Visual Studio 2008
Project("{8BC9CEB8-8B4A-11D0-8D11-00A0C91BC942}") = "Game", "Game\DemoSvr.vcproj", "{AA50D493-CB0F-491C-AF05-9019ED400462}"
	ProjectSection(ProjectDependencies) = postProject
		{BAF50214-41D1-4E59-A75D-938EAEDA435D} = {BAF50214-41D1-4E59-A75D-938EAEDA435D}
		{50CF9047-B170-4010-9E0C-FC510F7A2A53} = {50CF9047-B170-4010-9E0C-FC510F7A2A53}
		{1F8A82F2-33D9-4F7B-BC56-F478E85122F7} = {1F8A82F2-33D9-4F7B-BC56-F478E85122F7}
	EndProjectSection
EndProject
Project("{8BC9CEB8-8B4A-11D0-8D11-00A0C91BC942}") = "LuaWrap", "LuaWrap\src\LuaWrap.vcproj", "{BAF50214-41D1-4E59-A75D-938EAEDA435D}"
EndProject
Project("{8BC9CEB8-8B4A-11D0-8D11-00A0C91BC942}") = "tolua", "ToLua++-1.0.93\src\lib\tolua.vcproj", "{1F8A82F2-33D9-4F7B-BC56-F478E85122F7}"
EndProject
Project("{8BC9CEB8-8B4A-11D0-8D11-00A0C91BC942}") = "lua", "Lua-5.1.4\src\lua.vcproj", "{50CF9047-B170-4010-9E0C-FC510F7A2A53}"
EndProject
Project("{8BC9CEB8-8B4A-11D0-8D11-00A0C91BC942}") = "LuaDebugger", "LuaDebugger\LuaDebugger.vcproj", "{4DC93BEF-E295-4887-B24C-A64655E878D2}"
EndProject
Project("{2150E333-8FDC-42A3-9474-1A3956D46DE8}") = "Server", "Server", "{441C400F-2973-4842-B8FA-1204EB18D8D9}"
EndProject
Project("{2150E333-8FDC-42A3-9474-1A3956D46DE8}") = "Tool", "Tool", "{7E21F3AD-E11F-4B89-973E-F32D8A552C74}"
EndProject
Project("{8BC9CEB8-8B4A-11D0-8D11-00A0C91BC942}") = "AutoWrapLua", "AutoWrapLua\AutoWrapLua.vcproj", "{60B6F3CA-51A0-4C20-9882-4DDC3144ADC3}"
	ProjectSection(ProjectDependencies) = postProject
		{BAF50214-41D1-4E59-A75D-938EAEDA435D} = {BAF50214-41D1-4E59-A75D-938EAEDA435D}
		{50CF9047-B170-4010-9E0C-FC510F7A2A53} = {50CF9047-B170-4010-9E0C-FC510F7A2A53}
		{1F8A82F2-33D9-4F7B-BC56-F478E85122F7} = {1F8A82F2-33D9-4F7B-BC56-F478E85122F7}
	EndProjectSection
EndProject
Global
	GlobalSection(SolutionConfigurationPlatforms) = preSolution
		Debug|Win32 = Debug|Win32
		DebugJit|Win32 = DebugJit|Win32
		Hybrid|Win32 = Hybrid|Win32
		Release|Win32 = Release|Win32
	EndGlobalSection
	GlobalSection(ProjectConfigurationPlatforms) = postSolution
		{AA50D493-CB0F-491C-AF05-9019ED400462}.Debug|Win32.ActiveCfg = Debug|Win32
		{AA50D493-CB0F-491C-AF05-9019ED400462}.Debug|Win32.Build.0 = Debug|Win32
		{AA50D493-CB0F-491C-AF05-9019ED400462}.DebugJit|Win32.ActiveCfg = Debug|Win32
		{AA50D493-CB0F-491C-AF05-9019ED400462}.DebugJit|Win32.Build.0 = Debug|Win32
		{AA50D493-CB0F-491C-AF05-9019ED400462}.Hybrid|Win32.ActiveCfg = Release|Win32
		{AA50D493-CB0F-491C-AF05-9019ED400462}.Hybrid|Win32.Build.0 = Release|Win32
		{AA50D493-CB0F-491C-AF05-9019ED400462}.Release|Win32.ActiveCfg = Release|Win32
		{AA50D493-CB0F-491C-AF05-9019ED400462}.Release|Win32.Build.0 = Release|Win32
		{BAF50214-41D1-4E59-A75D-938EAEDA435D}.Debug|Win32.ActiveCfg = Debug|Win32
		{BAF50214-41D1-4E59-A75D-938EAEDA435D}.Debug|Win32.Build.0 = Debug|Win32
		{BAF50214-41D1-4E59-A75D-938EAEDA435D}.DebugJit|Win32.ActiveCfg = DebugJit|Win32
		{BAF50214-41D1-4E59-A75D-938EAEDA435D}.DebugJit|Win32.Build.0 = DebugJit|Win32
		{BAF50214-41D1-4E59-A75D-938EAEDA435D}.Hybrid|Win32.ActiveCfg = DebugJit|Win32
		{BAF50214-41D1-4E59-A75D-938EAEDA435D}.Hybrid|Win32.Build.0 = DebugJit|Win32
		{BAF50214-41D1-4E59-A75D-938EAEDA435D}.Release|Win32.ActiveCfg = Release|Win32
		{BAF50214-41D1-4E59-A75D-938EAEDA435D}.Release|Win32.Build.0 = Release|Win32
		{1F8A82F2-33D9-4F7B-BC56-F478E85122F7}.Debug|Win32.ActiveCfg = Debug|Win32
		{1F8A82F2-33D9-4F7B-BC56-F478E85122F7}.Debug|Win32.Build.0 = Debug|Win32
		{1F8A82F2-33D9-4F7B-BC56-F478E85122F7}.DebugJit|Win32.ActiveCfg = DebugJit|Win32
		{1F8A82F2-33D9-4F7B-BC56-F478E85122F7}.DebugJit|Win32.Build.0 = DebugJit|Win32
		{1F8A82F2-33D9-4F7B-BC56-F478E85122F7}.Hybrid|Win32.ActiveCfg = DebugJit|Win32
		{1F8A82F2-33D9-4F7B-BC56-F478E85122F7}.Hybrid|Win32.Build.0 = DebugJit|Win32
		{1F8A82F2-33D9-4F7B-BC56-F478E85122F7}.Release|Win32.ActiveCfg = Release|Win32
		{1F8A82F2-33D9-4F7B-BC56-F478E85122F7}.Release|Win32.Build.0 = Release|Win32
		{50CF9047-B170-4010-9E0C-FC510F7A2A53}.Debug|Win32.ActiveCfg = Debug|Win32
		{50CF9047-B170-4010-9E0C-FC510F7A2A53}.Debug|Win32.Build.0 = Debug|Win32
		{50CF9047-B170-4010-9E0C-FC510F7A2A53}.DebugJit|Win32.ActiveCfg = DebugJit|Win32
		{50CF9047-B170-4010-9E0C-FC510F7A2A53}.DebugJit|Win32.Build.0 = DebugJit|Win32
		{50CF9047-B170-4010-9E0C-FC510F7A2A53}.Hybrid|Win32.ActiveCfg = DebugJit|Win32
		{50CF9047-B170-4010-9E0C-FC510F7A2A53}.Hybrid|Win32.Build.0 = DebugJit|Win32
		{50CF9047-B170-4010-9E0C-FC510F7A2A53}.Release|Win32.ActiveCfg = Release|Win32
		{50CF9047-B170-4010-9E0C-FC510F7A2A53}.Release|Win32.Build.0 = Release|Win32
		{4DC93BEF-E295-4887-B24C-A64655E878D2}.Debug|Win32.ActiveCfg = Debug|Win32
		{4DC93BEF-E295-4887-B24C-A64655E878D2}.Debug|Win32.Build.0 = Debug|Win32
		{4DC93BEF-E295-4887-B24C-A64655E878D2}.DebugJit|Win32.ActiveCfg = Debug|Win32
		{4DC93BEF-E295-4887-B24C-A64655E878D2}.DebugJit|Win32.Build.0 = Debug|Win32
		{4DC93BEF-E295-4887-B24C-A64655E878D2}.Hybrid|Win32.ActiveCfg = Release|Win32
		{4DC93BEF-E295-4887-B24C-A64655E878D2}.Hybrid|Win32.Build.0 = Release|Win32
		{4DC93BEF-E295-4887-B24C-A64655E878D2}.Release|Win32.ActiveCfg = Release|Win32
		{4DC93BEF-E295-4887-B24C-A64655E878D2}.Release|Win32.Build.0 = Release|Win32
		{60B6F3CA-51A0-4C20-9882-4DDC3144ADC3}.Debug|Win32.ActiveCfg = Debug|Win32
		{60B6F3CA-51A0-4C20-9882-4DDC3144ADC3}.Debug|Win32.Build.0 = Debug|Win32
		{60B6F3CA-51A0-4C20-9882-4DDC3144ADC3}.DebugJit|Win32.ActiveCfg = Debug|Win32
		{60B6F3CA-51A0-4C20-9882-4DDC3144ADC3}.DebugJit|Win32.Build.0 = Debug|Win32
		{60B6F3CA-51A0-4C20-9882-4DDC3144ADC3}.Hybrid|Win32.ActiveCfg = Hybrid|Win32
		{60B6F3CA-51A0-4C20-9882-4DDC3144ADC3}.Hybrid|Win32.Build.0 = Hybrid|Win32
		{60B6F3CA-51A0-4C20-9882-4DDC3144ADC3}.Release|Win32.ActiveCfg = Release|Win32
		{60B6F3CA-51A0-4C20-9882-4DDC3144ADC3}.Release|Win32.Build.0 = Release|Win32
	EndGlobalSection
	GlobalSection(SolutionProperties) = preSolution
		HideSolutionNode = FALSE
	EndGlobalSection
	GlobalSection(NestedProjects) = preSolution
		{BAF50214-41D1-4E59-A75D-938EAEDA435D} = {441C400F-2973-4842-B8FA-1204EB18D8D9}
		{1F8A82F2-33D9-4F7B-BC56-F478E85122F7} = {441C400F-2973-4842-B8FA-1204EB18D8D9}
		{50CF9047-B170-4010-9E0C-FC510F7A2A53} = {441C400F-2973-4842-B8FA-1204EB18D8D9}
		{AA50D493-CB0F-491C-AF05-9019ED400462} = {441C400F-2973-4842-B8FA-1204EB18D8D9}
		{4DC93BEF-E295-4887-B24C-A64655E878D2} = {7E21F3AD-E11F-4B89-973E-F32D8A552C74}
		{60B6F3CA-51A0-4C20-9882-4DDC3144ADC3} = {7E21F3AD-E11F-4B89-973E-F32D8A552C74}
	EndGlobalSection
EndGlobal
